
Microsoft Visual Studio Solution File, Format Version 12.00
# Visual Studio Version 17
VisualStudioVersion = 17.7.34024.191
MinimumVisualStudioVersion = 10.0.40219.1
Project("{FAE04EC0-301F-11D3-BF4B-00C04F79EFBC}") = "Task_Median_of_Two_Sorted_Arrays", "Task_Median_of_Two_Sorted_Arrays.csproj", "{BF2E7752-70FB-43F9-998F-07A8FF7E5A01}"
EndProject
Global
	GlobalSection(SolutionConfigurationPlatforms) = preSolution
		Debug|Any CPU = Debug|Any CPU
		Release|Any CPU = Release|Any CPU
	EndGlobalSection
	GlobalSection(ProjectConfigurationPlatforms) = postSolution
		{BF2E7752-70FB-43F9-998F-07A8FF7E5A01}.Debug|Any CPU.ActiveCfg = Debug|Any CPU
		{BF2E7752-70FB-43F9-998F-07A8FF7E5A01}.Debug|Any CPU.Build.0 = Debug|Any CPU
		{BF2E7752-70FB-43F9-998F-07A8FF7E5A01}.Release|Any CPU.ActiveCfg = Release|Any CPU
		{BF2E7752-70FB-43F9-998F-07A8FF7E5A01}.Release|Any CPU.Build.0 = Release|Any CPU
	EndGlobalSection
	GlobalSection(SolutionProperties) = preSolution
		HideSolutionNode = FALSE
	EndGlobalSection
	GlobalSection(ExtensibilityGlobals) = postSolution
		SolutionGuid = {D1915943-244F-4D02-8846-EAD7A7033AF2}
	EndGlobalSection
EndGlobal
